
Microsoft Visual Studio Solution File, Format Version 12.00
# Visual Studio 15
VisualStudioVersion = 15.0.26730.12
MinimumVisualStudioVersion = 10.0.40219.1
Project("{FAE04EC0-301F-11D3-BF4B-00C04F79EFBC}") = "Project2", "Project2\Project2.csproj", "{C65F2D94-10C1-4AF3-9F3D-CA919D3F250C}"
EndProject
Global
	GlobalSection(SolutionConfigurationPlatforms) = preSolution
		Debug|Any CPU = Debug|Any CPU
		Release|Any CPU = Release|Any CPU
	EndGlobalSection
	GlobalSection(ProjectConfigurationPlatforms) = postSolution
		{C65F2D94-10C1-4AF3-9F3D-CA919D3F250C}.Debug|Any CPU.ActiveCfg = Debug|Any CPU
		{C65F2D94-10C1-4AF3-9F3D-CA919D3F250C}.Debug|Any CPU.Build.0 = Debug|Any CPU
		{C65F2D94-10C1-4AF3-9F3D-CA919D3F250C}.Release|Any CPU.ActiveCfg = Release|Any CPU
		{C65F2D94-10C1-4AF3-9F3D-CA919D3F250C}.Release|Any CPU.Build.0 = Release|Any CPU
	EndGlobalSection
	GlobalSection(SolutionProperties) = preSolution
		HideSolutionNode = FALSE
	EndGlobalSection
	GlobalSection(ExtensibilityGlobals) = postSolution
		SolutionGuid = {81CFF179-BFA1-4FA6-81B6-D80199CE0B39}
	EndGlobalSection
EndGlobal
